
Microsoft Visual Studio Solution File, Format Version 12.00
# Visual Studio Version 17
VisualStudioVersion = 17.0.31611.283
MinimumVisualStudioVersion = 10.0.40219.1
Project("{FAE04EC0-301F-11D3-BF4B-00C04F79EFBC}") = "XProtocol", "XProtocol\XProtocol.csproj", "{B510589E-929E-47FC-9908-01F631FFB574}"
EndProject
Project("{FAE04EC0-301F-11D3-BF4B-00C04F79EFBC}") = "TCPServer", "TCPServer\TCPServer.csproj", "{09C85E39-53EF-466A-AB8B-DF23EBF3065B}"
EndProject
Project("{FAE04EC0-301F-11D3-BF4B-00C04F79EFBC}") = "TCPClient", "TCPClient\TCPClient.csproj", "{A76BFE5A-C711-4B27-BD8B-2AA917401E3C}"
EndProject
Project("{9A19103F-16F7-4668-BE54-9A1E7A4F7556}") = "HitThePlane", "HitThePlane\HitThePlane.csproj", "{8715B526-9034-4A1A-8982-ABB1F226001E}"
EndProject
Global
	GlobalSection(SolutionConfigurationPlatforms) = preSolution
		Debug|Any CPU = Debug|Any CPU
		Release|Any CPU = Release|Any CPU
	EndGlobalSection
	GlobalSection(ProjectConfigurationPlatforms) = postSolution
		{B510589E-929E-47FC-9908-01F631FFB574}.Debug|Any CPU.ActiveCfg = Debug|Any CPU
		{B510589E-929E-47FC-9908-01F631FFB574}.Debug|Any CPU.Build.0 = Debug|Any CPU
		{B510589E-929E-47FC-9908-01F631FFB574}.Release|Any CPU.ActiveCfg = Release|Any CPU
		{B510589E-929E-47FC-9908-01F631FFB574}.Release|Any CPU.Build.0 = Release|Any CPU
		{09C85E39-53EF-466A-AB8B-DF23EBF3065B}.Debug|Any CPU.ActiveCfg = Debug|Any CPU
		{09C85E39-53EF-466A-AB8B-DF23EBF3065B}.Debug|Any CPU.Build.0 = Debug|Any CPU
		{09C85E39-53EF-466A-AB8B-DF23EBF3065B}.Release|Any CPU.ActiveCfg = Release|Any CPU
		{09C85E39-53EF-466A-AB8B-DF23EBF3065B}.Release|Any CPU.Build.0 = Release|Any CPU
		{A76BFE5A-C711-4B27-BD8B-2AA917401E3C}.Debug|Any CPU.ActiveCfg = Debug|Any CPU
		{A76BFE5A-C711-4B27-BD8B-2AA917401E3C}.Debug|Any CPU.Build.0 = Debug|Any CPU
		{A76BFE5A-C711-4B27-BD8B-2AA917401E3C}.Release|Any CPU.ActiveCfg = Release|Any CPU
		{A76BFE5A-C711-4B27-BD8B-2AA917401E3C}.Release|Any CPU.Build.0 = Release|Any CPU
		{8715B526-9034-4A1A-8982-ABB1F226001E}.Debug|Any CPU.ActiveCfg = Debug|Any CPU
		{8715B526-9034-4A1A-8982-ABB1F226001E}.Debug|Any CPU.Build.0 = Debug|Any CPU
		{8715B526-9034-4A1A-8982-ABB1F226001E}.Release|Any CPU.ActiveCfg = Release|Any CPU
		{8715B526-9034-4A1A-8982-ABB1F226001E}.Release|Any CPU.Build.0 = Release|Any CPU
	EndGlobalSection
	GlobalSection(SolutionProperties) = preSolution
		HideSolutionNode = FALSE
	EndGlobalSection
	GlobalSection(ExtensibilityGlobals) = postSolution
		SolutionGuid = {61F7FB11-1E47-470C-91E2-47F8143E1572}
	EndGlobalSection
EndGlobal
